lockfileVersion: '9.0'

settings:
  autoInstallPeers: true
  excludeLinksFromLockfile: false

importers:

  .:
    dependencies:
      chartscii:
        specifier: ^4.0.3
        version: 4.0.3
      cli-table3:
        specifier: ^0.6.5
        version: 0.6.5
    devDependencies:
      '@types/node':
        specifier: ^25.9.3
        version: 25.9.3

packages:

  '@colors/colors@1.5.0':
    resolution: {integrity: sha512-ooWCrlZP11i8GImSjTHYHLkvFDP48nS4+204nGb1RiX/WXYHmJA2III9/e2DWVabCESdW7hBAEzHRqUn9OUVvQ==}
    engines: {node: '>=0.1.90'}

  '@types/node@25.9.3':
    resolution: {integrity: sha512-603BddQMv3pUcr4U2dhujk83N2tTDVr/34wII2B6bJy6g+8WD6yUb11jszNs0gdi4PesVWl7ABt8nYMVpnLUcg==}

  ansi-regex@5.0.1:
    resolution: {integrity: sha512-quJQXlTSUGL2LH9SUXo8VwsY4soanhgo6LNSm84E1LBcE8s3O0wpdiRzyR9z/ZZJMlMWv37qOOb9pdJlMUEKFQ==}
    engines: {node: '>=8'}

  chartscii@4.0.3:
    resolution: {integrity: sha512-nVTuqmt+z/U/rLgf3bGruQRKPDnshfmWFZ5ol1HygAB94MT02GX1N4pwe31KaWgovhYYmI/xhdXEHyGAVFe3Sw==}

  cli-table3@0.6.5:
    resolution: {integrity: sha512-+W/5efTR7y5HRD7gACw9yQjqMVvEMLBHmboM/kPWam+H+Hmyrgjh6YncVKK122YZkXrLudzTuAukUw9FnMf7IQ==}
    engines: {node: 10.* || >= 12.*}

  emoji-regex@8.0.0:
    resolution: {integrity: sha512-MSjYzcWNOA0ewAHpz0MxpYFvwg6yjy1NG3xteoqz644VCo/RPgnr1/GGt+ic3iJTzQ8Eu3TdM14SawnVUmGE6A==}

  is-fullwidth-code-point@3.0.0:
    resolution: {integrity: sha512-zymm5+u+sCsSWyD9qNaejV3DFvhCKclKdizYaJUuHA83RLjb7nSuGnddCHGv0hk+KY7BMAlsWeK4Ueg6EV6XQg==}
    engines: {node: '>=8'}

  string-width@4.2.3:
    resolution: {integrity: sha512-wKyQRQpjJ0sIp62ErSZdGsjMJWsap5oRNihHhu6G7JVO/9jIB6UyevL+tXuOqrng8j/cxKTWyWUwvSTriiZz/g==}
    engines: {node: '>=8'}

  strip-ansi@6.0.1:
    resolution: {integrity: sha512-Y38VPSHcqkFrCpFnQ9vuSXmquuv5oXOKpGeT6aGrr3o3Gc9AlVa6JBfUSOCnbxGGZF+/0ooI7KrPuUSztUdU5A==}
    engines: {node: '>=8'}

  styl3@3.1.1:
    resolution: {integrity: sha512-WRTBm/bs2ZfkbIQTk59xfJ0x/X4VKUSm/3u6egDFHNrYCcXYfWauBgq129whvYREvEOlOPQjDu1TARHyxCzCjQ==}

  undici-types@7.24.6:
    resolution: {integrity: sha512-WRNW+sJgj5OBN4/0JpHFqtqzhpbnV0GuB+OozA9gCL7a993SmU+1JBZCzLNxYsbMfIeDL+lTsphD5jN5N+n0zg==}

snapshots:

  '@colors/colors@1.5.0':
    optional: true

  '@types/node@25.9.3':
    dependencies:
      undici-types: 7.24.6

  ansi-regex@5.0.1: {}

  chartscii@4.0.3:
    dependencies:
      styl3: 3.1.1

  cli-table3@0.6.5:
    dependencies:
      string-width: 4.2.3
    optionalDependencies:
      '@colors/colors': 1.5.0

  emoji-regex@8.0.0: {}

  is-fullwidth-code-point@3.0.0: {}

  string-width@4.2.3:
    dependencies:
      emoji-regex: 8.0.0
      is-fullwidth-code-point: 3.0.0
      strip-ansi: 6.0.1

  strip-ansi@6.0.1:
    dependencies:
      ansi-regex: 5.0.1

  styl3@3.1.1: {}

  undici-types@7.24.6: {}
